
Microsoft Visual Studio Solution File, Format Version 12.00
# Visual Studio Version 16
VisualStudioVersion = 16.0.30114.105
MinimumVisualStudioVersion = 10.0.40219.1
Project("{2150E333-8FDC-42A3-9474-1A3956D46DE8}") = "src", "src", "{943571FF-70C7-4721-A517-99DF02E69351}"
EndProject
Project("{FAE04EC0-301F-11D3-BF4B-00C04F79EFBC}") = "Distribution", "src\Distribution\Distribution.csproj", "{742B3D6F-B1D1-4155-8EA4-C2F3B6B73F68}"
EndProject
Project("{FAE04EC0-301F-11D3-BF4B-00C04F79EFBC}") = "Distribution.Tests", "src\Distribution.Tests\Distribution.Tests.csproj", "{4241373B-6F50-471B-980F-09134895A24C}"
EndProject
Project("{FAE04EC0-301F-11D3-BF4B-00C04F79EFBC}") = "Distribution.Example", "src\Distribution.Example\Distribution.Example.csproj", "{8548C2CD-E19C-41F3-B89F-B053A99B220F}"
EndProject
Global
	GlobalSection(SolutionConfigurationPlatforms) = preSolution
		Debug|Any CPU = Debug|Any CPU
		Release|Any CPU = Release|Any CPU
	EndGlobalSection
	GlobalSection(SolutionProperties) = preSolution
		HideSolutionNode = FALSE
	EndGlobalSection
	GlobalSection(ProjectConfigurationPlatforms) = postSolution
		{742B3D6F-B1D1-4155-8EA4-C2F3B6B73F68}.Debug|Any CPU.ActiveCfg = Debug|Any CPU
		{742B3D6F-B1D1-4155-8EA4-C2F3B6B73F68}.Debug|Any CPU.Build.0 = Debug|Any CPU
		{742B3D6F-B1D1-4155-8EA4-C2F3B6B73F68}.Release|Any CPU.ActiveCfg = Release|Any CPU
		{742B3D6F-B1D1-4155-8EA4-C2F3B6B73F68}.Release|Any CPU.Build.0 = Release|Any CPU
		{4241373B-6F50-471B-980F-09134895A24C}.Debug|Any CPU.ActiveCfg = Debug|Any CPU
		{4241373B-6F50-471B-980F-09134895A24C}.Debug|Any CPU.Build.0 = Debug|Any CPU
		{4241373B-6F50-471B-980F-09134895A24C}.Release|Any CPU.ActiveCfg = Release|Any CPU
		{4241373B-6F50-471B-980F-09134895A24C}.Release|Any CPU.Build.0 = Release|Any CPU
		{8548C2CD-E19C-41F3-B89F-B053A99B220F}.Debug|Any CPU.ActiveCfg = Debug|Any CPU
		{8548C2CD-E19C-41F3-B89F-B053A99B220F}.Debug|Any CPU.Build.0 = Debug|Any CPU
		{8548C2CD-E19C-41F3-B89F-B053A99B220F}.Release|Any CPU.ActiveCfg = Release|Any CPU
		{8548C2CD-E19C-41F3-B89F-B053A99B220F}.Release|Any CPU.Build.0 = Release|Any CPU
	EndGlobalSection
	GlobalSection(NestedProjects) = preSolution
		{742B3D6F-B1D1-4155-8EA4-C2F3B6B73F68} = {943571FF-70C7-4721-A517-99DF02E69351}
		{4241373B-6F50-471B-980F-09134895A24C} = {943571FF-70C7-4721-A517-99DF02E69351}
		{8548C2CD-E19C-41F3-B89F-B053A99B220F} = {943571FF-70C7-4721-A517-99DF02E69351}
	EndGlobalSection
EndGlobal
